// !$*UTF8*$!
{
	archiveVersion = 1;
	classes = {
	};
	objectVersion = 51;
	objects = {

/* Begin PBXBuildFile section */
		B5AA7AE2252BF46400EC6A37 /* Localizable.strings in Resources */ = {isa = PBXBuildFile; fileRef = B5AA7AE4252BF46400EC6A37 /* Localizable.strings */; };
		B5F4D11C251C5E18005D3502 /* AppDelegate.swift in Sources */ = {isa = PBXBuildFile; fileRef = B5F4D11B251C5E18005D3502 /* AppDelegate.swift */; };
		B5F4D11E251C5E18005D3502 /* SceneDelegate.swift in Sources */ = {isa = PBXBuildFile; fileRef = B5F4D11D251C5E18005D3502 /* SceneDelegate.swift */; };
		B5F4D120251C5E18005D3502 /* MainViewController.swift in Sources */ = {isa = PBXBuildFile; fileRef = B5F4D11F251C5E18005D3502 /* MainViewController.swift */; };
		B5F4D123251C5E18005D3502 /* Main.storyboard in Resources */ = {isa = PBXBuildFile; fileRef = B5F4D121251C5E18005D3502 /* Main.storyboard */; };
		B5F4D125251C5E1B005D3502 /* Assets.xcassets in Resources */ = {isa = PBXBuildFile; fileRef = B5F4D124251C5E1B005D3502 /* Assets.xcassets */; };
		B5F4D128251C5E1B005D3502 /* LaunchScreen.storyboard in Resources */ = {isa = PBXBuildFile; fileRef = B5F4D126251C5E1B005D3502 /* LaunchScreen.storyboard */; };
		B5F4D135251C6ADA005D3502 /* ItemCollectionViewCell.swift in Sources */ = {isa = PBXBuildFile; fileRef = B5F4D133251C6ADA005D3502 /* ItemCollectionViewCell.swift */; };
		B5F4D136251C6ADA005D3502 /* ItemCollectionViewCell.xib in Resources */ = {isa = PBXBuildFile; fileRef = B5F4D134251C6ADA005D3502 /* ItemCollectionViewCell.xib */; };
		B5F4D138251C84C8005D3502 /* SearchItemViewController.swift in Sources */ = {isa = PBXBuildFile; fileRef = B5F4D137251C84C8005D3502 /* SearchItemViewController.swift */; };
		B5F4D13B251C84DD005D3502 /* SearchItemTableViewCell.swift in Sources */ = {isa = PBXBuildFile; fileRef = B5F4D139251C84DD005D3502 /* SearchItemTableViewCell.swift */; };
		B5F4D13C251C84DD005D3502 /* SearchItemTableViewCell.xib in Resources */ = {isa = PBXBuildFile; fileRef = B5F4D13A251C84DD005D3502 /* SearchItemTableViewCell.xib */; };
		B5F4D156251C944B005D3502 /* DetailItemViewController.swift in Sources */ = {isa = PBXBuildFile; fileRef = B5F4D155251C944B005D3502 /* DetailItemViewController.swift */; };
		B5FC7DD7252846FC00B1E096 /* Movie.swift in Sources */ = {isa = PBXBuildFile; fileRef = B5FC7DD6252846FC00B1E096 /* Movie.swift */; };
		C3832914B604F03DA441A342 /* Pods_moment.framework in Frameworks */ = {isa = PBXBuildFile; fileRef = 53ECC718B70DD888A8446C3E /* Pods_moment.framework */; };
		CE0C995825206CA00094AE60 /* Book.swift in Sources */ = {isa = PBXBuildFile; fileRef = CE0C995725206CA00094AE60 /* Book.swift */; };
		CE0C996025206E4D0094AE60 /* NetworkManager.swift in Sources */ = {isa = PBXBuildFile; fileRef = CE0C995F25206E4D0094AE60 /* NetworkManager.swift */; };
		CE0C996625207C610094AE60 /* Util.swift in Sources */ = {isa = PBXBuildFile; fileRef = CE0C996525207C610094AE60 /* Util.swift */; };
		CE0C99BF252223770094AE60 /* SelectBookMarkViewController.swift in Sources */ = {isa = PBXBuildFile; fileRef = CE0C99BE252223770094AE60 /* SelectBookMarkViewController.swift */; };
		CE0C9A32252346670094AE60 /* Constant.swift in Sources */ = {isa = PBXBuildFile; fileRef = CE0C9A31252346670094AE60 /* Constant.swift */; };
		CE5050E1252A19340086BBD9 /* HeaderCollectionReusableView.swift in Sources */ = {isa = PBXBuildFile; fileRef = CE5050DF252A19340086BBD9 /* HeaderCollectionReusableView.swift */; };
		CE5050E2252A19340086BBD9 /* HeaderCollectionReusableView.xib in Resources */ = {isa = PBXBuildFile; fileRef = CE5050E0252A19340086BBD9 /* HeaderCollectionReusableView.xib */; };
		CEF45260252CCA7000E5CA0A /* InfoPlist.strings in Resources */ = {isa = PBXBuildFile; fileRef = CEF45262252CCA7000E5CA0A /* InfoPlist.strings */; };
/* End PBXBuildFile section */

/* Begin PBXFileReference section */
		53ECC718B70DD888A8446C3E /* Pods_moment.framework */ = {isa = PBXFileReference; explicitFileType = wrapper.framework; includeInIndex = 0; path = Pods_moment.framework; sourceTree = BUILT_PRODUCTS_DIR; };
		B5AA7AE3252BF46400EC6A37 /* en */ = {isa = PBXFileReference; lastKnownFileType = text.plist.strings; name = en; path = en.lproj/Localizable.strings; sourceTree = "<group>"; };
		B5AA7AE6252BF47D00EC6A37 /* ko */ = {isa = PBXFileReference; lastKnownFileType = text.plist.strings; name = ko; path = ko.lproj/Main.strings; sourceTree = "<group>"; };
		B5AA7AE7252BF47D00EC6A37 /* ko */ = {isa = PBXFileReference; lastKnownFileType = text.plist.strings; name = ko; path = ko.lproj/LaunchScreen.strings; sourceTree = "<group>"; };
		B5AA7AE8252BF47D00EC6A37 /* ko */ = {isa = PBXFileReference; lastKnownFileType = text.plist.strings; name = ko; path = ko.lproj/Localizable.strings; sourceTree = "<group>"; };
		B5F4D118251C5E18005D3502 /* moment.app */ = {isa = PBXFileReference; explicitFileType = wrapper.application; includeInIndex = 0; path = moment.app; sourceTree = BUILT_PRODUCTS_DIR; };
		B5F4D11B251C5E18005D3502 /* AppDelegate.swift */ = {isa = PBXFileReference; lastKnownFileType = sourcecode.swift; path = AppDelegate.swift; sourceTree = "<group>"; };
		B5F4D11D251C5E18005D3502 /* SceneDelegate.swift */ = {isa = PBXFileReference; lastKnownFileType = sourcecode.swift; path = SceneDelegate.swift; sourceTree = "<group>"; };
		B5F4D11F251C5E18005D3502 /* MainViewController.swift */ = {isa = PBXFileReference; lastKnownFileType = sourcecode.swift; path = MainViewController.swift; sourceTree = "<group>"; };
		B5F4D122251C5E18005D3502 /* Base */ = {isa = PBXFileReference; lastKnownFileType = file.storyboard; name = Base; path = Base.lproj/Main.storyboard; sourceTree = "<group>"; };
		B5F4D124251C5E1B005D3502 /* Assets.xcassets */ = {isa = PBXFileReference; lastKnownFileType = folder.assetcatalog; path = Assets.xcassets; sourceTree = "<group>"; };
		B5F4D127251C5E1B005D3502 /* Base */ = {isa = PBXFileReference; lastKnownFileType = file.storyboard; name = Base; path = Base.lproj/LaunchScreen.storyboard; sourceTree = "<group>"; };
		B5F4D129251C5E1B005D3502 /* Info.plist */ = {isa = PBXFileReference; lastKnownFileType = text.plist.xml; path = Info.plist; sourceTree = "<group>"; };
		B5F4D133251C6ADA005D3502 /* ItemCollectionViewCell.swift */ = {isa = PBXFileReference; lastKnownFileType = sourcecode.swift; path = ItemCollectionViewCell.swift; sourceTree = "<group>"; };
		B5F4D134251C6ADA005D3502 /* ItemCollectionViewCell.xib */ = {isa = PBXFileReference; lastKnownFileType = file.xib; path = ItemCollectionViewCell.xib; sourceTree = "<group>"; };
		B5F4D137251C84C8005D3502 /* SearchItemViewController.swift */ = {isa = PBXFileReference; lastKnownFileType = sourcecode.swift; path = SearchItemViewController.swift; sourceTree = "<group>"; };
		B5F4D139251C84DD005D3502 /* SearchItemTableViewCell.swift */ = {isa = PBXFileReference; lastKnownFileType = sourcecode.swift; path = SearchItemTableViewCell.swift; sourceTree = "<group>"; };
		B5F4D13A251C84DD005D3502 /* SearchItemTableViewCell.xib */ = {isa = PBXFileReference; lastKnownFileType = file.xib; path = SearchItemTableViewCell.xib; sourceTree = "<group>"; };
		B5F4D155251C944B005D3502 /* DetailItemViewController.swift */ = {isa = PBXFileReference; lastKnownFileType = sourcecode.swift; path = DetailItemViewController.swift; sourceTree = "<group>"; };
		B5FC7DD6252846FC00B1E096 /* Movie.swift */ = {isa = PBXFileReference; lastKnownFileType = sourcecode.swift; path = Movie.swift; sourceTree = "<group>"; };
		CE0C995725206CA00094AE60 /* Book.swift */ = {isa = PBXFileReference; lastKnownFileType = sourcecode.swift; path = Book.swift; sourceTree = "<group>"; };
		CE0C995F25206E4D0094AE60 /* NetworkManager.swift */ = {isa = PBXFileReference; lastKnownFileType = sourcecode.swift; path = NetworkManager.swift; sourceTree = "<group>"; };
		CE0C996525207C610094AE60 /* Util.swift */ = {isa = PBXFileReference; lastKnownFileType = sourcecode.swift; path = Util.swift; sourceTree = "<group>"; };
		CE0C99BE252223770094AE60 /* SelectBookMarkViewController.swift */ = {isa = PBXFileReference; lastKnownFileType = sourcecode.swift; path = SelectBookMarkViewController.swift; sourceTree = "<group>"; };
		CE0C9A31252346670094AE60 /* Constant.swift */ = {isa = PBXFileReference; lastKnownFileType = sourcecode.swift; path = Constant.swift; sourceTree = "<group>"; };
		CE5050DF252A19340086BBD9 /* HeaderCollectionReusableView.swift */ = {isa = PBXFileReference; lastKnownFileType = sourcecode.swift; path = HeaderCollectionReusableView.swift; sourceTree = "<group>"; };
		CE5050E0252A19340086BBD9 /* HeaderCollectionReusableView.xib */ = {isa = PBXFileReference; lastKnownFileType = file.xib; path = HeaderCollectionReusableView.xib; sourceTree = "<group>"; };
		CEF45261252CCA7000E5CA0A /* en */ = {isa = PBXFileReference; lastKnownFileType = text.plist.strings; name = en; path = en.lproj/InfoPlist.strings; sourceTree = "<group>"; };
		CEF45264252CCA7A00E5CA0A /* ko */ = {isa = PBXFileReference; lastKnownFileType = text.plist.strings; name = ko; path = ko.lproj/InfoPlist.strings; sourceTree = "<group>"; };
		E8B18DDB38C9FDA8CDA0B00D /* Pods-moment.debug.xcconfig */ = {isa = PBXFileReference; includeInIndex = 1; lastKnownFileType = text.xcconfig; name = "Pods-moment.debug.xcconfig"; path = "Target Support Files/Pods-moment/Pods-moment.debug.xcconfig"; sourceTree = "<group>"; };
		F22BAD0F9FD3E8F2C8C8EBB8 /* Pods-moment.release.xcconfig */ = {isa = PBXFileReference; includeInIndex = 1; lastKnownFileType = text.xcconfig; name = "Pods-moment.release.xcconfig"; path = "Target Support Files/Pods-moment/Pods-moment.release.xcconfig"; sourceTree = "<group>"; };
/* End PBXFileReference section */

/* Begin PBXFrameworksBuildPhase section */
		B5F4D115251C5E18005D3502 /* Frameworks */ = {
			isa = PBXFrameworksBuildPhase;
			buildActionMask = 2147483647;
			files = (
				C3832914B604F03DA441A342 /* Pods_moment.framework in Frameworks */,
			);
			runOnlyForDeploymentPostprocessing = 0;
		};
/* End PBXFrameworksBuildPhase section */

/* Begin PBXGroup section */
		40DD711CE23DA8F1E8915798 /* Frameworks */ = {
			isa = PBXGroup;
			children = (
				53ECC718B70DD888A8446C3E /* Pods_moment.framework */,
			);
			name = Frameworks;
			sourceTree = "<group>";
		};
		5BE68F26871149425AD58BC2 /* Pods */ = {
			isa = PBXGroup;
			children = (
				E8B18DDB38C9FDA8CDA0B00D /* Pods-moment.debug.xcconfig */,
				F22BAD0F9FD3E8F2C8C8EBB8 /* Pods-moment.release.xcconfig */,
			);
			path = Pods;
			sourceTree = "<group>";
		};
		B5AA7ADD252BF42500EC6A37 /* config */ = {
			isa = PBXGroup;
			children = (
				B5AA7AE4252BF46400EC6A37 /* Localizable.strings */,
				B5F4D124251C5E1B005D3502 /* Assets.xcassets */,
				CEF45262252CCA7000E5CA0A /* InfoPlist.strings */,
			);
			path = config;
			sourceTree = "<group>";
		};
		B5F4D10F251C5E18005D3502 = {
			isa = PBXGroup;
			children = (
				B5F4D11A251C5E18005D3502 /* moment */,
				B5F4D119251C5E18005D3502 /* Products */,
				5BE68F26871149425AD58BC2 /* Pods */,
				40DD711CE23DA8F1E8915798 /* Frameworks */,
			);
			sourceTree = "<group>";
		};
		B5F4D119251C5E18005D3502 /* Products */ = {
			isa = PBXGroup;
			children = (
				B5F4D118251C5E18005D3502 /* moment.app */,
			);
			name = Products;
			sourceTree = "<group>";
		};
		B5F4D11A251C5E18005D3502 /* moment */ = {
			isa = PBXGroup;
			children = (
				B5F4D12F251C6A1E005D3502 /* application */,
				B5F4D11F251C5E18005D3502 /* MainViewController.swift */,
				B5F4D137251C84C8005D3502 /* SearchItemViewController.swift */,
				B5F4D133251C6ADA005D3502 /* ItemCollectionViewCell.swift */,
				B5F4D134251C6ADA005D3502 /* ItemCollectionViewCell.xib */,
				B5F4D121251C5E18005D3502 /* Main.storyboard */,
				B5F4D139251C84DD005D3502 /* SearchItemTableViewCell.swift */,
				B5F4D13A251C84DD005D3502 /* SearchItemTableViewCell.xib */,
				B5F4D155251C944B005D3502 /* DetailItemViewController.swift */,
				CE0C995F25206E4D0094AE60 /* NetworkManager.swift */,
				CE0C99BE252223770094AE60 /* SelectBookMarkViewController.swift */,
				CE0C995725206CA00094AE60 /* Book.swift */,
				B5F4D129251C5E1B005D3502 /* Info.plist */,
				B5AA7ADD252BF42500EC6A37 /* config */,
				B5FC7DD6252846FC00B1E096 /* Movie.swift */,
				CE5050DF252A19340086BBD9 /* HeaderCollectionReusableView.swift */,
				CE5050E0252A19340086BBD9 /* HeaderCollectionReusableView.xib */,
				B5F4D126251C5E1B005D3502 /* LaunchScreen.storyboard */,
				CE0C996525207C610094AE60 /* Util.swift */,
				CE0C9A31252346670094AE60 /* Constant.swift */,
			);
			path = moment;
			sourceTree = "<group>";
		};
		B5F4D12F251C6A1E005D3502 /* application */ = {
			isa = PBXGroup;
			children = (
				B5F4D11B251C5E18005D3502 /* AppDelegate.swift */,
				B5F4D11D251C5E18005D3502 /* SceneDelegate.swift */,
			);
			path = application;
			sourceTree = "<group>";
		};
/* End PBXGroup section */

/* Begin PBXNativeTarget section */
		B5F4D117251C5E18005D3502 /* moment */ = {
			isa = PBXNativeTarget;
			buildConfigurationList = B5F4D12C251C5E1B005D3502 /* Build configuration list for PBXNativeTarget "moment" */;
			buildPhases = (
				06A592AB1582DC67598D9EE9 /* [CP] Check Pods Manifest.lock */,
				B5F4D114251C5E18005D3502 /* Sources */,
				B5F4D115251C5E18005D3502 /* Frameworks */,
				B5F4D116251C5E18005D3502 /* Resources */,
				D8881D0D2296322345BD0D43 /* [CP] Embed Pods Frameworks */,
			);
			buildRules = (
			);
			dependencies = (
			);
			name = moment;
			productName = moment;
			productReference = B5F4D118251C5E18005D3502 /* moment.app */;
			productType = "com.apple.product-type.application";
		};
/* End PBXNativeTarget section */

/* Begin PBXProject section */
		B5F4D110251C5E18005D3502 /* Project object */ = {
			isa = PBXProject;
			attributes = {
				LastSwiftUpdateCheck = 1170;
				LastUpgradeCheck = 1170;
				ORGANIZATIONNAME = "주연  유";
				TargetAttributes = {
					B5F4D117251C5E18005D3502 = {
						CreatedOnToolsVersion = 11.7;
					};
				};
			};
			buildConfigurationList = B5F4D113251C5E18005D3502 /* Build configuration list for PBXProject "moment" */;
			compatibilityVersion = "Xcode 9.3";
			developmentRegion = en;
			hasScannedForEncodings = 0;
			knownRegions = (
				en,
				Base,
				ko,
			);
			mainGroup = B5F4D10F251C5E18005D3502;
			productRefGroup = B5F4D119251C5E18005D3502 /* Products */;
			projectDirPath = "";
			projectRoot = "";
			targets = (
				B5F4D117251C5E18005D3502 /* moment */,
			);
		};
/* End PBXProject section */

/* Begin PBXResourcesBuildPhase section */
		B5F4D116251C5E18005D3502 /* Resources */ = {
			isa = PBXResourcesBuildPhase;
			buildActionMask = 2147483647;
			files = (
				B5F4D128251C5E1B005D3502 /* LaunchScreen.storyboard in Resources */,
				CEF45260252CCA7000E5CA0A /* InfoPlist.strings in Resources */,
				B5F4D136251C6ADA005D3502 /* ItemCollectionViewCell.xib in Resources */,
				CE5050E2252A19340086BBD9 /* HeaderCollectionReusableView.xib in Resources */,
				B5AA7AE2252BF46400EC6A37 /* Localizable.strings in Resources */,
				B5F4D125251C5E1B005D3502 /* Assets.xcassets in Resources */,
				B5F4D123251C5E18005D3502 /* Main.storyboard in Resources */,
				B5F4D13C251C84DD005D3502 /* SearchItemTableViewCell.xib in Resources */,
			);
			runOnlyForDeploymentPostprocessing = 0;
		};
/* End PBXResourcesBuildPhase section */

/* Begin PBXShellScriptBuildPhase section */
		06A592AB1582DC67598D9EE9 /* [CP] Check Pods Manifest.lock */ = {
			isa = PBXShellScriptBuildPhase;
			buildActionMask = 2147483647;
			files = (
			);
			inputFileListPaths = (
			);
			inputPaths = (
				"${PODS_PODFILE_DIR_PATH}/Podfile.lock",
				"${PODS_ROOT}/Manifest.lock",
			);
			name = "[CP] Check Pods Manifest.lock";
			outputFileListPaths = (
			);
			outputPaths = (
				"$(DERIVED_FILE_DIR)/Pods-moment-checkManifestLockResult.txt",
			);
			runOnlyForDeploymentPostprocessing = 0;
			shellPath = /bin/sh;
			shellScript = "diff \"${PODS_PODFILE_DIR_PATH}/Podfile.lock\" \"${PODS_ROOT}/Manifest.lock\" > /dev/null\nif [ $? != 0 ] ; then\n    # print error to STDERR\n    echo \"error: The sandbox is not in sync with the Podfile.lock. Run 'pod install' or update your CocoaPods installation.\" >&2\n    exit 1\nfi\n# This output is used by Xcode 'outputs' to avoid re-running this script phase.\necho \"SUCCESS\" > \"${SCRIPT_OUTPUT_FILE_0}\"\n";
			showEnvVarsInLog = 0;
		};
		D8881D0D2296322345BD0D43 /* [CP] Embed Pods Frameworks */ = {
			isa = PBXShellScriptBuildPhase;
			buildActionMask = 2147483647;
			files = (
			);
			inputFileListPaths = (
				"${PODS_ROOT}/Target Support Files/Pods-moment/Pods-moment-frameworks-${CONFIGURATION}-input-files.xcfilelist",
			);
			name = "[CP] Embed Pods Frameworks";
			outputFileListPaths = (
				"${PODS_ROOT}/Target Support Files/Pods-moment/Pods-moment-frameworks-${CONFIGURATION}-output-files.xcfilelist",
			);
			runOnlyForDeploymentPostprocessing = 0;
			shellPath = /bin/sh;
			shellScript = "\"${PODS_ROOT}/Target Support Files/Pods-moment/Pods-moment-frameworks.sh\"\n";
			showEnvVarsInLog = 0;
		};
/* End PBXShellScriptBuildPhase section */

/* Begin PBXSourcesBuildPhase section */
		B5F4D114251C5E18005D3502 /* Sources */ = {
			isa = PBXSourcesBuildPhase;
			buildActionMask = 2147483647;
			files = (
				CE5050E1252A19340086BBD9 /* HeaderCollectionReusableView.swift in Sources */,
				CE0C996625207C610094AE60 /* Util.swift in Sources */,
				CE0C996025206E4D0094AE60 /* NetworkManager.swift in Sources */,
				CE0C995825206CA00094AE60 /* Book.swift in Sources */,
				B5F4D138251C84C8005D3502 /* SearchItemViewController.swift in Sources */,
				B5F4D120251C5E18005D3502 /* MainViewController.swift in Sources */,
				CE0C99BF252223770094AE60 /* SelectBookMarkViewController.swift in Sources */,
				B5F4D135251C6ADA005D3502 /* ItemCollectionViewCell.swift in Sources */,
				B5F4D11C251C5E18005D3502 /* AppDelegate.swift in Sources */,
				B5FC7DD7252846FC00B1E096 /* Movie.swift in Sources */,
				B5F4D156251C944B005D3502 /* DetailItemViewController.swift in Sources */,
				B5F4D13B251C84DD005D3502 /* SearchItemTableViewCell.swift in Sources */,
				B5F4D11E251C5E18005D3502 /* SceneDelegate.swift in Sources */,
				CE0C9A32252346670094AE60 /* Constant.swift in Sources */,
			);
			runOnlyForDeploymentPostprocessing = 0;
		};
/* End PBXSourcesBuildPhase section */

/* Begin PBXVariantGroup section */
		B5AA7AE4252BF46400EC6A37 /* Localizable.strings */ = {
			isa = PBXVariantGroup;
			children = (
				B5AA7AE3252BF46400EC6A37 /* en */,
				B5AA7AE8252BF47D00EC6A37 /* ko */,
			);
			name = Localizable.strings;
			sourceTree = "<group>";
		};
		B5F4D121251C5E18005D3502 /* Main.storyboard */ = {
			isa = PBXVariantGroup;
			children = (
				B5F4D122251C5E18005D3502 /* Base */,
				B5AA7AE6252BF47D00EC6A37 /* ko */,
			);
			name = Main.storyboard;
			sourceTree = "<group>";
		};
		B5F4D126251C5E1B005D3502 /* LaunchScreen.storyboard */ = {
			isa = PBXVariantGroup;
			children = (
				B5F4D127251C5E1B005D3502 /* Base */,
				B5AA7AE7252BF47D00EC6A37 /* ko */,
			);
			name = LaunchScreen.storyboard;
			sourceTree = "<group>";
		};
		CEF45262252CCA7000E5CA0A /* InfoPlist.strings */ = {
			isa = PBXVariantGroup;
			children = (
				CEF45261252CCA7000E5CA0A /* en */,
				CEF45264252CCA7A00E5CA0A /* ko */,
			);
			name = InfoPlist.strings;
			sourceTree = "<group>";
		};
/* End PBXVariantGroup section */

/* Begin XCBuildConfiguration section */
		B5F4D12A251C5E1B005D3502 /* Debug */ = {
			isa = XCBuildConfiguration;
			buildSettings = {
				ALWAYS_SEARCH_USER_PATHS = NO;
				CLANG_ANALYZER_LOCALIZABILITY_NONLOCALIZED = YES;
				CLANG_ANALYZER_NONNULL = YES;
				CLANG_ANALYZER_NUMBER_OBJECT_CONVERSION = YES_AGGRESSIVE;
				CLANG_CXX_LANGUAGE_STANDARD = "gnu++14";
				CLANG_CXX_LIBRARY = "libc++";
				CLANG_ENABLE_MODULES = YES;
				CLANG_ENABLE_OBJC_ARC = YES;
				CLANG_ENABLE_OBJC_WEAK = YES;
				CLANG_WARN_BLOCK_CAPTURE_AUTORELEASING = YES;
				CLANG_WARN_BOOL_CONVERSION = YES;
				CLANG_WARN_COMMA = YES;
				CLANG_WARN_CONSTANT_CONVERSION = YES;
				CLANG_WARN_DEPRECATED_OBJC_IMPLEMENTATIONS = YES;
				CLANG_WARN_DIRECT_OBJC_ISA_USAGE = YES_ERROR;
				CLANG_WARN_DOCUMENTATION_COMMENTS = YES;
				CLANG_WARN_EMPTY_BODY = YES;
				CLANG_WARN_ENUM_CONVERSION = YES;
				CLANG_WARN_INFINITE_RECURSION = YES;
				CLANG_WARN_INT_CONVERSION = YES;
				CLANG_WARN_NON_LITERAL_NULL_CONVERSION = YES;
				CLANG_WARN_OBJC_IMPLICIT_RETAIN_SELF = YES;
				CLANG_WARN_OBJC_LITERAL_CONVERSION = YES;
				CLANG_WARN_OBJC_ROOT_CLASS = YES_ERROR;
				CLANG_WARN_RANGE_LOOP_ANALYSIS = YES;
				CLANG_WARN_STRICT_PROTOTYPES = YES;
				CLANG_WARN_SUSPICIOUS_MOVE = YES;
				CLANG_WARN_UNGUARDED_AVAILABILITY = YES_AGGRESSIVE;
				CLANG_WARN_UNREACHABLE_CODE = YES;
				CLANG_WARN__DUPLICATE_METHOD_MATCH = YES;
				COPY_PHASE_STRIP = NO;
				DEBUG_INFORMATION_FORMAT = dwarf;
				ENABLE_STRICT_OBJC_MSGSEND = YES;
				ENABLE_TESTABILITY = YES;
				GCC_C_LANGUAGE_STANDARD = gnu11;
				GCC_DYNAMIC_NO_PIC = NO;
				GCC_NO_COMMON_BLOCKS = YES;
				GCC_OPTIMIZATION_LEVEL = 0;
				GCC_PREPROCESSOR_DEFINITIONS = (
					"DEBUG=1",
					"$(inherited)",
				);
				GCC_WARN_64_TO_32_BIT_CONVERSION = YES;
				GCC_WARN_ABOUT_RETURN_TYPE = YES_ERROR;
				GCC_WARN_UNDECLARED_SELECTOR = YES;
				GCC_WARN_UNINITIALIZED_AUTOS = YES_AGGRESSIVE;
				GCC_WARN_UNUSED_FUNCTION = YES;
				GCC_WARN_UNUSED_VARIABLE = YES;
				IPHONEOS_DEPLOYMENT_TARGET = 13.7;
				MTL_ENABLE_DEBUG_INFO = INCLUDE_SOURCE;
				MTL_FAST_MATH = YES;
				ONLY_ACTIVE_ARCH = YES;
				SDKROOT = iphoneos;
				SWIFT_ACTIVE_COMPILATION_CONDITIONS = DEBUG;
				SWIFT_OPTIMIZATION_LEVEL = "-Onone";
			};
			name = Debug;
		};
		B5F4D12B251C5E1B005D3502 /* Release */ = {
			isa = XCBuildConfiguration;
			buildSettings = {
				ALWAYS_SEARCH_USER_PATHS = NO;
				CLANG_ANALYZER_LOCALIZABILITY_NONLOCALIZED = YES;
				CLANG_ANALYZER_NONNULL = YES;
				CLANG_ANALYZER_NUMBER_OBJECT_CONVERSION = YES_AGGRESSIVE;
				CLANG_CXX_LANGUAGE_STANDARD = "gnu++14";
				CLANG_CXX_LIBRARY = "libc++";
				CLANG_ENABLE_MODULES = YES;
				CLANG_ENABLE_OBJC_ARC = YES;
				CLANG_ENABLE_OBJC_WEAK = YES;
				CLANG_WARN_BLOCK_CAPTURE_AUTORELEASING = YES;
				CLANG_WARN_BOOL_CONVERSION = YES;
				CLANG_WARN_COMMA = YES;
				CLANG_WARN_CONSTANT_CONVERSION = YES;
				CLANG_WARN_DEPRECATED_OBJC_IMPLEMENTATIONS = YES;
				CLANG_WARN_DIRECT_OBJC_ISA_USAGE = YES_ERROR;
				CLANG_WARN_DOCUMENTATION_COMMENTS = YES;
				CLANG_WARN_EMPTY_BODY = YES;
				CLANG_WARN_ENUM_CONVERSION = YES;
				CLANG_WARN_INFINITE_RECURSION = YES;
				CLANG_WARN_INT_CONVERSION = YES;
				CLANG_WARN_NON_LITERAL_NULL_CONVERSION = YES;
				CLANG_WARN_OBJC_IMPLICIT_RETAIN_SELF = YES;
				CLANG_WARN_OBJC_LITERAL_CONVERSION = YES;
				CLANG_WARN_OBJC_ROOT_CLASS = YES_ERROR;
				CLANG_WARN_RANGE_LOOP_ANALYSIS = YES;
				CLANG_WARN_STRICT_PROTOTYPES = YES;
				CLANG_WARN_SUSPICIOUS_MOVE = YES;
				CLANG_WARN_UNGUARDED_AVAILABILITY = YES_AGGRESSIVE;
				CLANG_WARN_UNREACHABLE_CODE = YES;
				CLANG_WARN__DUPLICATE_METHOD_MATCH = YES;
				COPY_PHASE_STRIP = NO;
				DEBUG_INFORMATION_FORMAT = "dwarf-with-dsym";
				ENABLE_NS_ASSERTIONS = NO;
				ENABLE_STRICT_OBJC_MSGSEND = YES;
				GCC_C_LANGUAGE_STANDARD = gnu11;
				GCC_NO_COMMON_BLOCKS = YES;
				GCC_WARN_64_TO_32_BIT_CONVERSION = YES;
				GCC_WARN_ABOUT_RETURN_TYPE = YES_ERROR;
				GCC_WARN_UNDECLARED_SELECTOR = YES;
				GCC_WARN_UNINITIALIZED_AUTOS = YES_AGGRESSIVE;
				GCC_WARN_UNUSED_FUNCTION = YES;
				GCC_WARN_UNUSED_VARIABLE = YES;
				IPHONEOS_DEPLOYMENT_TARGET = 13.7;
				MTL_ENABLE_DEBUG_INFO = NO;
				MTL_FAST_MATH = YES;
				SDKROOT = iphoneos;
				SWIFT_COMPILATION_MODE = wholemodule;
				SWIFT_OPTIMIZATION_LEVEL = "-O";
				VALIDATE_PRODUCT = YES;
			};
			name = Release;
		};
		B5F4D12D251C5E1B005D3502 /* Debug */ = {
			isa = XCBuildConfiguration;
			baseConfigurationReference = E8B18DDB38C9FDA8CDA0B00D /* Pods-moment.debug.xcconfig */;
			buildSettings = {
				ASSETCATALOG_COMPILER_APPICON_NAME = AppIcon;
				CODE_SIGN_IDENTITY = "iPhone Developer";
				CODE_SIGN_STYLE = Manual;
				CURRENT_PROJECT_VERSION = 2;
				DEVELOPMENT_TEAM = DUV8UP2WXU;
				INFOPLIST_FILE = "/Users/juyeon/Project/iOS-moment/moment/Info.plist";
				LD_RUNPATH_SEARCH_PATHS = (
					"$(inherited)",
					"@executable_path/Frameworks",
				);
				PRODUCT_BUNDLE_IDENTIFIER = com.johnny.moment;
				PRODUCT_NAME = "$(TARGET_NAME)";
				PROVISIONING_PROFILE_SPECIFIER = "moment dev";
				SWIFT_VERSION = 5.0;
				TARGETED_DEVICE_FAMILY = "1,2";
			};
			name = Debug;
		};
		B5F4D12E251C5E1B005D3502 /* Release */ = {
			isa = XCBuildConfiguration;
			baseConfigurationReference = F22BAD0F9FD3E8F2C8C8EBB8 /* Pods-moment.release.xcconfig */;
			buildSettings = {
				ASSETCATALOG_COMPILER_APPICON_NAME = AppIcon;
				CODE_SIGN_IDENTITY = "iPhone Developer";
				CODE_SIGN_STYLE = Manual;
				CURRENT_PROJECT_VERSION = 2;
				DEVELOPMENT_TEAM = DUV8UP2WXU;
				INFOPLIST_FILE = "/Users/juyeon/Project/iOS-moment/moment/Info.plist";
				LD_RUNPATH_SEARCH_PATHS = (
					"$(inherited)",
					"@executable_path/Frameworks",
				);
				PRODUCT_BUNDLE_IDENTIFIER = com.johnny.moment;
				PRODUCT_NAME = "$(TARGET_NAME)";
				PROVISIONING_PROFILE_SPECIFIER = "moment dev";
				SWIFT_VERSION = 5.0;
				TARGETED_DEVICE_FAMILY = "1,2";
			};
			name = Release;
		};
/* End XCBuildConfiguration section */

/* Begin XCConfigurationList section */
		B5F4D113251C5E18005D3502 /* Build configuration list for PBXProject "moment" */ = {
			isa = XCConfigurationList;
			buildConfigurations = (
				B5F4D12A251C5E1B005D3502 /* Debug */,
				B5F4D12B251C5E1B005D3502 /* Release */,
			);
			defaultConfigurationIsVisible = 0;
			defaultConfigurationName = Release;
		};
		B5F4D12C251C5E1B005D3502 /* Build configuration list for PBXNativeTarget "moment" */ = {
			isa = XCConfigurationList;
			buildConfigurations = (
				B5F4D12D251C5E1B005D3502 /* Debug */,
				B5F4D12E251C5E1B005D3502 /* Release */,
			);
			defaultConfigurationIsVisible = 0;
			defaultConfigurationName = Release;
		};
/* End XCConfigurationList section */
	};
	rootObject = B5F4D110251C5E18005D3502 /* Project object */;
}
